
Microsoft Visual Studio Solution File, Format Version 12.00
# Visual Studio Version 17
VisualStudioVersion = 17.14.36414.22 d17.14
MinimumVisualStudioVersion = 10.0.40219.1
Project("{FAE04EC0-301F-11D3-BF4B-00C04F79EFBC}") = "TrailsintheSky1stChapter", "TrailsintheSky1stChapter\TrailsintheSky1stChapter.csproj", "{0CA662B6-A241-4CAA-BD6A-0895E049E48B}"
EndProject
Global
	GlobalSection(SolutionConfigurationPlatforms) = preSolution
		Debug|Any CPU = Debug|Any CPU
		Release|Any CPU = Release|Any CPU
	EndGlobalSection
	GlobalSection(ProjectConfigurationPlatforms) = postSolution
		{0CA662B6-A241-4CAA-BD6A-0895E049E48B}.Debug|Any CPU.ActiveCfg = Debug|Any CPU
		{0CA662B6-A241-4CAA-BD6A-0895E049E48B}.Debug|Any CPU.Build.0 = Debug|Any CPU
		{0CA662B6-A241-4CAA-BD6A-0895E049E48B}.Release|Any CPU.ActiveCfg = Release|Any CPU
		{0CA662B6-A241-4CAA-BD6A-0895E049E48B}.Release|Any CPU.Build.0 = Release|Any CPU
	EndGlobalSection
	GlobalSection(SolutionProperties) = preSolution
		HideSolutionNode = FALSE
	EndGlobalSection
	GlobalSection(ExtensibilityGlobals) = postSolution
		SolutionGuid = {244212EA-A181-4603-AB9D-A9169E68CBA8}
	EndGlobalSection
EndGlobal
